// !$*UTF8*$!
{
	archiveVersion = 1;
	classes = {
	};
	objectVersion = 51;
	objects = {

/* Begin PBXBuildFile section */
		5FECC54625B9C5BA00F07700 /* AppDelegate.swift in Sources */ = {isa = PBXBuildFile; fileRef = 5FECC54525B9C5BA00F07700 /* AppDelegate.swift */; };
		5FECC54A25B9C5BA00F07700 /* ViewController.swift in Sources */ = {isa = PBXBuildFile; fileRef = 5FECC54925B9C5BA00F07700 /* ViewController.swift */; };
		5FECC54D25B9C5BA00F07700 /* Main.storyboard in Resources */ = {isa = PBXBuildFile; fileRef = 5FECC54B25B9C5BA00F07700 /* Main.storyboard */; };
		5FECC55025B9C5BA00F07700 /* MoedaDigital.xcdatamodeld in Sources */ = {isa = PBXBuildFile; fileRef = 5FECC54E25B9C5BA00F07700 /* MoedaDigital.xcdatamodeld */; };
		5FECC55225B9C5BE00F07700 /* Assets.xcassets in Resources */ = {isa = PBXBuildFile; fileRef = 5FECC55125B9C5BE00F07700 /* Assets.xcassets */; };
		5FECC55525B9C5BE00F07700 /* LaunchScreen.storyboard in Resources */ = {isa = PBXBuildFile; fileRef = 5FECC55325B9C5BE00F07700 /* LaunchScreen.storyboard */; };
		5FECC56025B9C5BE00F07700 /* MoedaDigitalTests.swift in Sources */ = {isa = PBXBuildFile; fileRef = 5FECC55F25B9C5BE00F07700 /* MoedaDigitalTests.swift */; };
		5FECC56B25B9C5BE00F07700 /* MoedaDigitalUITests.swift in Sources */ = {isa = PBXBuildFile; fileRef = 5FECC56A25B9C5BE00F07700 /* MoedaDigitalUITests.swift */; };
		81C656DA5EB010C8C07E0525 /* Pods_MoedaDigital.framework in Frameworks */ = {isa = PBXBuildFile; fileRef = 371A47FD1D9515A7FB48FDD3 /* Pods_MoedaDigital.framework */; };
		E9FE85507AC614791D950C2E /* Pods_MoedaDigitalTests.framework in Frameworks */ = {isa = PBXBuildFile; fileRef = AADB813930ABE16AFA5E877D /* Pods_MoedaDigitalTests.framework */; };
		F11D164725BA0C1B0046C5A9 /* MoedaAPI.swift in Sources */ = {isa = PBXBuildFile; fileRef = F11D164625BA0C1B0046C5A9 /* MoedaAPI.swift */; };
		F11D165225BA0C7B0046C5A9 /* Home.xib in Resources */ = {isa = PBXBuildFile; fileRef = F11D165125BA0C7B0046C5A9 /* Home.xib */; };
		F11D165825BA0CD60046C5A9 /* ModeloMoeda.swift in Sources */ = {isa = PBXBuildFile; fileRef = F11D165725BA0CD60046C5A9 /* ModeloMoeda.swift */; };
		F11D167225BA0E810046C5A9 /* MoedaViewModel.swift in Sources */ = {isa = PBXBuildFile; fileRef = F11D167125BA0E810046C5A9 /* MoedaViewModel.swift */; };
		F520E6F1B3A18C507615B8AE /* Pods_MoedaDigital_MoedaDigitalUITests.framework in Frameworks */ = {isa = PBXBuildFile; fileRef = B4984306F06C1A40EFE6E849 /* Pods_MoedaDigital_MoedaDigitalUITests.framework */; };
/* End PBXBuildFile section */

/* Begin PBXContainerItemProxy section */
		5FECC55C25B9C5BE00F07700 /* PBXContainerItemProxy */ = {
			isa = PBXContainerItemProxy;
			containerPortal = 5FECC53A25B9C5BA00F07700 /* Project object */;
			proxyType = 1;
			remoteGlobalIDString = 5FECC54125B9C5BA00F07700;
			remoteInfo = MoedaDigital;
		};
		5FECC56725B9C5BE00F07700 /* PBXContainerItemProxy */ = {
			isa = PBXContainerItemProxy;
			containerPortal = 5FECC53A25B9C5BA00F07700 /* Project object */;
			proxyType = 1;
			remoteGlobalIDString = 5FECC54125B9C5BA00F07700;
			remoteInfo = MoedaDigital;
		};
/* End PBXContainerItemProxy section */

/* Begin PBXFileReference section */
		371A47FD1D9515A7FB48FDD3 /* Pods_MoedaDigital.framework */ = {isa = PBXFileReference; explicitFileType = wrapper.framework; includeInIndex = 0; path = Pods_MoedaDigital.framework; sourceTree = BUILT_PRODUCTS_DIR; };
		578593508C2FC96B6A6D2984 /* Pods-MoedaDigital-MoedaDigitalUITests.release.xcconfig */ = {isa = PBXFileReference; includeInIndex = 1; lastKnownFileType = text.xcconfig; name = "Pods-MoedaDigital-MoedaDigitalUITests.release.xcconfig"; path = "Target Support Files/Pods-MoedaDigital-MoedaDigitalUITests/Pods-MoedaDigital-MoedaDigitalUITests.release.xcconfig"; sourceTree = "<group>"; };
		5FECC54225B9C5BA00F07700 /* MoedaDigital.app */ = {isa = PBXFileReference; explicitFileType = wrapper.application; includeInIndex = 0; path = MoedaDigital.app; sourceTree = BUILT_PRODUCTS_DIR; };
		5FECC54525B9C5BA00F07700 /* AppDelegate.swift */ = {isa = PBXFileReference; lastKnownFileType = sourcecode.swift; path = AppDelegate.swift; sourceTree = "<group>"; };
		5FECC54925B9C5BA00F07700 /* ViewController.swift */ = {isa = PBXFileReference; lastKnownFileType = sourcecode.swift; path = ViewController.swift; sourceTree = "<group>"; };
		5FECC54C25B9C5BA00F07700 /* Base */ = {isa = PBXFileReference; lastKnownFileType = file.storyboard; name = Base; path = Base.lproj/Main.storyboard; sourceTree = "<group>"; };
		5FECC54F25B9C5BA00F07700 /* MoedaDigital.xcdatamodel */ = {isa = PBXFileReference; lastKnownFileType = wrapper.xcdatamodel; path = MoedaDigital.xcdatamodel; sourceTree = "<group>"; };
		5FECC55125B9C5BE00F07700 /* Assets.xcassets */ = {isa = PBXFileReference; lastKnownFileType = folder.assetcatalog; path = Assets.xcassets; sourceTree = "<group>"; };
		5FECC55425B9C5BE00F07700 /* Base */ = {isa = PBXFileReference; lastKnownFileType = file.storyboard; name = Base; path = Base.lproj/LaunchScreen.storyboard; sourceTree = "<group>"; };
		5FECC55625B9C5BE00F07700 /* Info.plist */ = {isa = PBXFileReference; lastKnownFileType = text.plist.xml; path = Info.plist; sourceTree = "<group>"; };
		5FECC55B25B9C5BE00F07700 /* MoedaDigitalTests.xctest */ = {isa = PBXFileReference; explicitFileType = wrapper.cfbundle; includeInIndex = 0; path = MoedaDigitalTests.xctest; sourceTree = BUILT_PRODUCTS_DIR; };
		5FECC55F25B9C5BE00F07700 /* MoedaDigitalTests.swift */ = {isa = PBXFileReference; lastKnownFileType = sourcecode.swift; path = MoedaDigitalTests.swift; sourceTree = "<group>"; };
		5FECC56125B9C5BE00F07700 /* Info.plist */ = {isa = PBXFileReference; lastKnownFileType = text.plist.xml; path = Info.plist; sourceTree = "<group>"; };
		5FECC56625B9C5BE00F07700 /* MoedaDigitalUITests.xctest */ = {isa = PBXFileReference; explicitFileType = wrapper.cfbundle; includeInIndex = 0; path = MoedaDigitalUITests.xctest; sourceTree = BUILT_PRODUCTS_DIR; };
		5FECC56A25B9C5BE00F07700 /* MoedaDigitalUITests.swift */ = {isa = PBXFileReference; lastKnownFileType = sourcecode.swift; path = MoedaDigitalUITests.swift; sourceTree = "<group>"; };
		5FECC56C25B9C5BE00F07700 /* Info.plist */ = {isa = PBXFileReference; lastKnownFileType = text.plist.xml; path = Info.plist; sourceTree = "<group>"; };
		8B4DF9DD49C7F057338C895D /* Pods-MoedaDigital.debug.xcconfig */ = {isa = PBXFileReference; includeInIndex = 1; lastKnownFileType = text.xcconfig; name = "Pods-MoedaDigital.debug.xcconfig"; path = "Target Support Files/Pods-MoedaDigital/Pods-MoedaDigital.debug.xcconfig"; sourceTree = "<group>"; };
		8BA5FFD920C19CE2556F9A68 /* Pods-MoedaDigitalTests.debug.xcconfig */ = {isa = PBXFileReference; includeInIndex = 1; lastKnownFileType = text.xcconfig; name = "Pods-MoedaDigitalTests.debug.xcconfig"; path = "Target Support Files/Pods-MoedaDigitalTests/Pods-MoedaDigitalTests.debug.xcconfig"; sourceTree = "<group>"; };
		AADB813930ABE16AFA5E877D /* Pods_MoedaDigitalTests.framework */ = {isa = PBXFileReference; explicitFileType = wrapper.framework; includeInIndex = 0; path = Pods_MoedaDigitalTests.framework; sourceTree = BUILT_PRODUCTS_DIR; };
		AEA41529266FFD4D7322958B /* Pods-MoedaDigital.release.xcconfig */ = {isa = PBXFileReference; includeInIndex = 1; lastKnownFileType = text.xcconfig; name = "Pods-MoedaDigital.release.xcconfig"; path = "Target Support Files/Pods-MoedaDigital/Pods-MoedaDigital.release.xcconfig"; sourceTree = "<group>"; };
		B4984306F06C1A40EFE6E849 /* Pods_MoedaDigital_MoedaDigitalUITests.framework */ = {isa = PBXFileReference; explicitFileType = wrapper.framework; includeInIndex = 0; path = Pods_MoedaDigital_MoedaDigitalUITests.framework; sourceTree = BUILT_PRODUCTS_DIR; };
		EB912E49BD6426281B5AF01D /* Pods-MoedaDigitalTests.release.xcconfig */ = {isa = PBXFileReference; includeInIndex = 1; lastKnownFileType = text.xcconfig; name = "Pods-MoedaDigitalTests.release.xcconfig"; path = "Target Support Files/Pods-MoedaDigitalTests/Pods-MoedaDigitalTests.release.xcconfig"; sourceTree = "<group>"; };
		F11D164625BA0C1B0046C5A9 /* MoedaAPI.swift */ = {isa = PBXFileReference; lastKnownFileType = sourcecode.swift; path = MoedaAPI.swift; sourceTree = "<group>"; };
		F11D165125BA0C7B0046C5A9 /* Home.xib */ = {isa = PBXFileReference; lastKnownFileType = file.xib; path = Home.xib; sourceTree = "<group>"; };
		F11D165725BA0CD60046C5A9 /* ModeloMoeda.swift */ = {isa = PBXFileReference; lastKnownFileType = sourcecode.swift; path = ModeloMoeda.swift; sourceTree = "<group>"; };
		F11D167125BA0E810046C5A9 /* MoedaViewModel.swift */ = {isa = PBXFileReference; lastKnownFileType = sourcecode.swift; path = MoedaViewModel.swift; sourceTree = "<group>"; };
		F39F171B31FF1AB71850B9C5 /* Pods-MoedaDigital-MoedaDigitalUITests.debug.xcconfig */ = {isa = PBXFileReference; includeInIndex = 1; lastKnownFileType = text.xcconfig; name = "Pods-MoedaDigital-MoedaDigitalUITests.debug.xcconfig"; path = "Target Support Files/Pods-MoedaDigital-MoedaDigitalUITests/Pods-MoedaDigital-MoedaDigitalUITests.debug.xcconfig"; sourceTree = "<group>"; };
/* End PBXFileReference section */

/* Begin PBXFrameworksBuildPhase section */
		5FECC53F25B9C5BA00F07700 /* Frameworks */ = {
			isa = PBXFrameworksBuildPhase;
			buildActionMask = 2147483647;
			files = (
				81C656DA5EB010C8C07E0525 /* Pods_MoedaDigital.framework in Frameworks */,
			);
			runOnlyForDeploymentPostprocessing = 0;
		};
		5FECC55825B9C5BE00F07700 /* Frameworks */ = {
			isa = PBXFrameworksBuildPhase;
			buildActionMask = 2147483647;
			files = (
				E9FE85507AC614791D950C2E /* Pods_MoedaDigitalTests.framework in Frameworks */,
			);
			runOnlyForDeploymentPostprocessing = 0;
		};
		5FECC56325B9C5BE00F07700 /* Frameworks */ = {
			isa = PBXFrameworksBuildPhase;
			buildActionMask = 2147483647;
			files = (
				F520E6F1B3A18C507615B8AE /* Pods_MoedaDigital_MoedaDigitalUITests.framework in Frameworks */,
			);
			runOnlyForDeploymentPostprocessing = 0;
		};
/* End PBXFrameworksBuildPhase section */

/* Begin PBXGroup section */
		268E64FACCFE434519C8749C /* Frameworks */ = {
			isa = PBXGroup;
			children = (
				371A47FD1D9515A7FB48FDD3 /* Pods_MoedaDigital.framework */,
				B4984306F06C1A40EFE6E849 /* Pods_MoedaDigital_MoedaDigitalUITests.framework */,
				AADB813930ABE16AFA5E877D /* Pods_MoedaDigitalTests.framework */,
			);
			name = Frameworks;
			sourceTree = "<group>";
		};
		5E698DF8E6ED5F80FF955632 /* Pods */ = {
			isa = PBXGroup;
			children = (
				8B4DF9DD49C7F057338C895D /* Pods-MoedaDigital.debug.xcconfig */,
				AEA41529266FFD4D7322958B /* Pods-MoedaDigital.release.xcconfig */,
				F39F171B31FF1AB71850B9C5 /* Pods-MoedaDigital-MoedaDigitalUITests.debug.xcconfig */,
				578593508C2FC96B6A6D2984 /* Pods-MoedaDigital-MoedaDigitalUITests.release.xcconfig */,
				8BA5FFD920C19CE2556F9A68 /* Pods-MoedaDigitalTests.debug.xcconfig */,
				EB912E49BD6426281B5AF01D /* Pods-MoedaDigitalTests.release.xcconfig */,
			);
			path = Pods;
			sourceTree = "<group>";
		};
		5FECC53925B9C5BA00F07700 = {
			isa = PBXGroup;
			children = (
				F11D167025BA0E710046C5A9 /* ViewModel */,
				F11D165625BA0CCB0046C5A9 /* Model */,
				F11D164F25BA0C4C0046C5A9 /* View */,
				F11D164E25BA0C280046C5A9 /* Application */,
				F11D164525BA0C090046C5A9 /* Service */,
				5FECC54425B9C5BA00F07700 /* MoedaDigital */,
				5FECC55E25B9C5BE00F07700 /* MoedaDigitalTests */,
				5FECC56925B9C5BE00F07700 /* MoedaDigitalUITests */,
				5FECC54325B9C5BA00F07700 /* Products */,
				5E698DF8E6ED5F80FF955632 /* Pods */,
				268E64FACCFE434519C8749C /* Frameworks */,
			);
			sourceTree = "<group>";
		};
		5FECC54325B9C5BA00F07700 /* Products */ = {
			isa = PBXGroup;
			children = (
				5FECC54225B9C5BA00F07700 /* MoedaDigital.app */,
				5FECC55B25B9C5BE00F07700 /* MoedaDigitalTests.xctest */,
				5FECC56625B9C5BE00F07700 /* MoedaDigitalUITests.xctest */,
			);
			name = Products;
			sourceTree = "<group>";
		};
		5FECC54425B9C5BA00F07700 /* MoedaDigital */ = {
			isa = PBXGroup;
			children = (
				5FECC54B25B9C5BA00F07700 /* Main.storyboard */,
				5FECC55125B9C5BE00F07700 /* Assets.xcassets */,
				5FECC55325B9C5BE00F07700 /* LaunchScreen.storyboard */,
				5FECC54E25B9C5BA00F07700 /* MoedaDigital.xcdatamodeld */,
				F11D165125BA0C7B0046C5A9 /* Home.xib */,
			);
			path = MoedaDigital;
			sourceTree = "<group>";
		};
		5FECC55E25B9C5BE00F07700 /* MoedaDigitalTests */ = {
			isa = PBXGroup;
			children = (
				5FECC55F25B9C5BE00F07700 /* MoedaDigitalTests.swift */,
				5FECC56125B9C5BE00F07700 /* Info.plist */,
			);
			path = MoedaDigitalTests;
			sourceTree = "<group>";
		};
		5FECC56925B9C5BE00F07700 /* MoedaDigitalUITests */ = {
			isa = PBXGroup;
			children = (
				5FECC56A25B9C5BE00F07700 /* MoedaDigitalUITests.swift */,
				5FECC56C25B9C5BE00F07700 /* Info.plist */,
			);
			path = MoedaDigitalUITests;
			sourceTree = "<group>";
		};
		F11D164525BA0C090046C5A9 /* Service */ = {
			isa = PBXGroup;
			children = (
				F11D164625BA0C1B0046C5A9 /* MoedaAPI.swift */,
			);
			path = Service;
			sourceTree = "<group>";
		};
		F11D164E25BA0C280046C5A9 /* Application */ = {
			isa = PBXGroup;
			children = (
				5FECC55625B9C5BE00F07700 /* Info.plist */,
				5FECC54525B9C5BA00F07700 /* AppDelegate.swift */,
			);
			path = Application;
			sourceTree = "<group>";
		};
		F11D164F25BA0C4C0046C5A9 /* View */ = {
			isa = PBXGroup;
			children = (
				5FECC54925B9C5BA00F07700 /* ViewController.swift */,
			);
			path = View;
			sourceTree = "<group>";
		};
		F11D165625BA0CCB0046C5A9 /* Model */ = {
			isa = PBXGroup;
			children = (
				F11D165725BA0CD60046C5A9 /* ModeloMoeda.swift */,
			);
			path = Model;
			sourceTree = "<group>";
		};
		F11D167025BA0E710046C5A9 /* ViewModel */ = {
			isa = PBXGroup;
			children = (
				F11D167125BA0E810046C5A9 /* MoedaViewModel.swift */,
			);
			path = ViewModel;
			sourceTree = "<group>";
		};
/* End PBXGroup section */

/* Begin PBXNativeTarget section */
		5FECC54125B9C5BA00F07700 /* MoedaDigital */ = {
			isa = PBXNativeTarget;
			buildConfigurationList = 5FECC56F25B9C5BE00F07700 /* Build configuration list for PBXNativeTarget "MoedaDigital" */;
			buildPhases = (
				B120601B2905AA3A9C1D8CFB /* [CP] Check Pods Manifest.lock */,
				5FECC53E25B9C5BA00F07700 /* Sources */,
				5FECC53F25B9C5BA00F07700 /* Frameworks */,
				5FECC54025B9C5BA00F07700 /* Resources */,
				3A31E10F7A97DEF1B7EB7501 /* [CP] Embed Pods Frameworks */,
			);
			buildRules = (
			);
			dependencies = (
			);
			name = MoedaDigital;
			productName = MoedaDigital;
			productReference = 5FECC54225B9C5BA00F07700 /* MoedaDigital.app */;
			productType = "com.apple.product-type.application";
		};
		5FECC55A25B9C5BE00F07700 /* MoedaDigitalTests */ = {
			isa = PBXNativeTarget;
			buildConfigurationList = 5FECC57225B9C5BE00F07700 /* Build configuration list for PBXNativeTarget "MoedaDigitalTests" */;
			buildPhases = (
				5954DD0BAC44231E95F2EB32 /* [CP] Check Pods Manifest.lock */,
				5FECC55725B9C5BE00F07700 /* Sources */,
				5FECC55825B9C5BE00F07700 /* Frameworks */,
				5FECC55925B9C5BE00F07700 /* Resources */,
			);
			buildRules = (
			);
			dependencies = (
				5FECC55D25B9C5BE00F07700 /* PBXTargetDependency */,
			);
			name = MoedaDigitalTests;
			productName = MoedaDigitalTests;
			productReference = 5FECC55B25B9C5BE00F07700 /* MoedaDigitalTests.xctest */;
			productType = "com.apple.product-type.bundle.unit-test";
		};
		5FECC56525B9C5BE00F07700 /* MoedaDigitalUITests */ = {
			isa = PBXNativeTarget;
			buildConfigurationList = 5FECC57525B9C5BE00F07700 /* Build configuration list for PBXNativeTarget "MoedaDigitalUITests" */;
			buildPhases = (
				48F1DF2A1A6E82E3193E80F7 /* [CP] Check Pods Manifest.lock */,
				5FECC56225B9C5BE00F07700 /* Sources */,
				5FECC56325B9C5BE00F07700 /* Frameworks */,
				5FECC56425B9C5BE00F07700 /* Resources */,
				327C4106BEE0076D270B0E88 /* [CP] Embed Pods Frameworks */,
			);
			buildRules = (
			);
			dependencies = (
				5FECC56825B9C5BE00F07700 /* PBXTargetDependency */,
			);
			name = MoedaDigitalUITests;
			productName = MoedaDigitalUITests;
			productReference = 5FECC56625B9C5BE00F07700 /* MoedaDigitalUITests.xctest */;
			productType = "com.apple.product-type.bundle.ui-testing";
		};
/* End PBXNativeTarget section */

/* Begin PBXProject section */
		5FECC53A25B9C5BA00F07700 /* Project object */ = {
			isa = PBXProject;
			attributes = {
				LastSwiftUpdateCheck = 1230;
				LastUpgradeCheck = 1230;
				TargetAttributes = {
					5FECC54125B9C5BA00F07700 = {
						CreatedOnToolsVersion = 12.3;
					};
					5FECC55A25B9C5BE00F07700 = {
						CreatedOnToolsVersion = 12.3;
						TestTargetID = 5FECC54125B9C5BA00F07700;
					};
					5FECC56525B9C5BE00F07700 = {
						CreatedOnToolsVersion = 12.3;
						TestTargetID = 5FECC54125B9C5BA00F07700;
					};
				};
			};
			buildConfigurationList = 5FECC53D25B9C5BA00F07700 /* Build configuration list for PBXProject "MoedaDigital" */;
			compatibilityVersion = "Xcode 9.3";
			developmentRegion = en;
			hasScannedForEncodings = 0;
			knownRegions = (
				en,
				Base,
			);
			mainGroup = 5FECC53925B9C5BA00F07700;
			productRefGroup = 5FECC54325B9C5BA00F07700 /* Products */;
			projectDirPath = "";
			projectRoot = "";
			targets = (
				5FECC54125B9C5BA00F07700 /* MoedaDigital */,
				5FECC55A25B9C5BE00F07700 /* MoedaDigitalTests */,
				5FECC56525B9C5BE00F07700 /* MoedaDigitalUITests */,
			);
		};
/* End PBXProject section */

/* Begin PBXResourcesBuildPhase section */
		5FECC54025B9C5BA00F07700 /* Resources */ = {
			isa = PBXResourcesBuildPhase;
			buildActionMask = 2147483647;
			files = (
				F11D165225BA0C7B0046C5A9 /* Home.xib in Resources */,
				5FECC55525B9C5BE00F07700 /* LaunchScreen.storyboard in Resources */,
				5FECC55225B9C5BE00F07700 /* Assets.xcassets in Resources */,
				5FECC54D25B9C5BA00F07700 /* Main.storyboard in Resources */,
			);
			runOnlyForDeploymentPostprocessing = 0;
		};
		5FECC55925B9C5BE00F07700 /* Resources */ = {
			isa = PBXResourcesBuildPhase;
			buildActionMask = 2147483647;
			files = (
			);
			runOnlyForDeploymentPostprocessing = 0;
		};
		5FECC56425B9C5BE00F07700 /* Resources */ = {
			isa = PBXResourcesBuildPhase;
			buildActionMask = 2147483647;
			files = (
			);
			runOnlyForDeploymentPostprocessing = 0;
		};
/* End PBXResourcesBuildPhase section */

/* Begin PBXShellScriptBuildPhase section */
		327C4106BEE0076D270B0E88 /* [CP] Embed Pods Frameworks */ = {
			isa = PBXShellScriptBuildPhase;
			buildActionMask = 2147483647;
			files = (
			);
			inputFileListPaths = (
				"${PODS_ROOT}/Target Support Files/Pods-MoedaDigital-MoedaDigitalUITests/Pods-MoedaDigital-MoedaDigitalUITests-frameworks-${CONFIGURATION}-input-files.xcfilelist",
			);
			name = "[CP] Embed Pods Frameworks";
			outputFileListPaths = (
				"${PODS_ROOT}/Target Support Files/Pods-MoedaDigital-MoedaDigitalUITests/Pods-MoedaDigital-MoedaDigitalUITests-frameworks-${CONFIGURATION}-output-files.xcfilelist",
			);
			runOnlyForDeploymentPostprocessing = 0;
			shellPath = /bin/sh;
			shellScript = "\"${PODS_ROOT}/Target Support Files/Pods-MoedaDigital-MoedaDigitalUITests/Pods-MoedaDigital-MoedaDigitalUITests-frameworks.sh\"\n";
			showEnvVarsInLog = 0;
		};
		3A31E10F7A97DEF1B7EB7501 /* [CP] Embed Pods Frameworks */ = {
			isa = PBXShellScriptBuildPhase;
			buildActionMask = 2147483647;
			files = (
			);
			inputFileListPaths = (
				"${PODS_ROOT}/Target Support Files/Pods-MoedaDigital/Pods-MoedaDigital-frameworks-${CONFIGURATION}-input-files.xcfilelist",
			);
			name = "[CP] Embed Pods Frameworks";
			outputFileListPaths = (
				"${PODS_ROOT}/Target Support Files/Pods-MoedaDigital/Pods-MoedaDigital-frameworks-${CONFIGURATION}-output-files.xcfilelist",
			);
			runOnlyForDeploymentPostprocessing = 0;
			shellPath = /bin/sh;
			shellScript = "\"${PODS_ROOT}/Target Support Files/Pods-MoedaDigital/Pods-MoedaDigital-frameworks.sh\"\n";
			showEnvVarsInLog = 0;
		};
		48F1DF2A1A6E82E3193E80F7 /* [CP] Check Pods Manifest.lock */ = {
			isa = PBXShellScriptBuildPhase;
			buildActionMask = 2147483647;
			files = (
			);
			inputFileListPaths = (
			);
			inputPaths = (
				"${PODS_PODFILE_DIR_PATH}/Podfile.lock",
				"${PODS_ROOT}/Manifest.lock",
			);
			name = "[CP] Check Pods Manifest.lock";
			outputFileListPaths = (
			);
			outputPaths = (
				"$(DERIVED_FILE_DIR)/Pods-MoedaDigital-MoedaDigitalUITests-checkManifestLockResult.txt",
			);
			runOnlyForDeploymentPostprocessing = 0;
			shellPath = /bin/sh;
			shellScript = "diff \"${PODS_PODFILE_DIR_PATH}/Podfile.lock\" \"${PODS_ROOT}/Manifest.lock\" > /dev/null\nif [ $? != 0 ] ; then\n    # print error to STDERR\n    echo \"error: The sandbox is not in sync with the Podfile.lock. Run 'pod install' or update your CocoaPods installation.\" >&2\n    exit 1\nfi\n# This output is used by Xcode 'outputs' to avoid re-running this script phase.\necho \"SUCCESS\" > \"${SCRIPT_OUTPUT_FILE_0}\"\n";
			showEnvVarsInLog = 0;
		};
		5954DD0BAC44231E95F2EB32 /* [CP] Check Pods Manifest.lock */ = {
			isa = PBXShellScriptBuildPhase;
			buildActionMask = 2147483647;
			files = (
			);
			inputFileListPaths = (
			);
			inputPaths = (
				"${PODS_PODFILE_DIR_PATH}/Podfile.lock",
				"${PODS_ROOT}/Manifest.lock",
			);
			name = "[CP] Check Pods Manifest.lock";
			outputFileListPaths = (
			);
			outputPaths = (
				"$(DERIVED_FILE_DIR)/Pods-MoedaDigitalTests-checkManifestLockResult.txt",
			);
			runOnlyForDeploymentPostprocessing = 0;
			shellPath = /bin/sh;
			shellScript = "diff \"${PODS_PODFILE_DIR_PATH}/Podfile.lock\" \"${PODS_ROOT}/Manifest.lock\" > /dev/null\nif [ $? != 0 ] ; then\n    # print error to STDERR\n    echo \"error: The sandbox is not in sync with the Podfile.lock. Run 'pod install' or update your CocoaPods installation.\" >&2\n    exit 1\nfi\n# This output is used by Xcode 'outputs' to avoid re-running this script phase.\necho \"SUCCESS\" > \"${SCRIPT_OUTPUT_FILE_0}\"\n";
			showEnvVarsInLog = 0;
		};
		B120601B2905AA3A9C1D8CFB /* [CP] Check Pods Manifest.lock */ = {
			isa = PBXShellScriptBuildPhase;
			buildActionMask = 2147483647;
			files = (
			);
			inputFileListPaths = (
			);
			inputPaths = (
				"${PODS_PODFILE_DIR_PATH}/Podfile.lock",
				"${PODS_ROOT}/Manifest.lock",
			);
			name = "[CP] Check Pods Manifest.lock";
			outputFileListPaths = (
			);
			outputPaths = (
				"$(DERIVED_FILE_DIR)/Pods-MoedaDigital-checkManifestLockResult.txt",
			);
			runOnlyForDeploymentPostprocessing = 0;
			shellPath = /bin/sh;
			shellScript = "diff \"${PODS_PODFILE_DIR_PATH}/Podfile.lock\" \"${PODS_ROOT}/Manifest.lock\" > /dev/null\nif [ $? != 0 ] ; then\n    # print error to STDERR\n    echo \"error: The sandbox is not in sync with the Podfile.lock. Run 'pod install' or update your CocoaPods installation.\" >&2\n    exit 1\nfi\n# This output is used by Xcode 'outputs' to avoid re-running this script phase.\necho \"SUCCESS\" > \"${SCRIPT_OUTPUT_FILE_0}\"\n";
			showEnvVarsInLog = 0;
		};
/* End PBXShellScriptBuildPhase section */

/* Begin PBXSourcesBuildPhase section */
		5FECC53E25B9C5BA00F07700 /* Sources */ = {
			isa = PBXSourcesBuildPhase;
			buildActionMask = 2147483647;
			files = (
				5FECC54A25B9C5BA00F07700 /* ViewController.swift in Sources */,
				F11D164725BA0C1B0046C5A9 /* MoedaAPI.swift in Sources */,
				F11D165825BA0CD60046C5A9 /* ModeloMoeda.swift in Sources */,
				5FECC55025B9C5BA00F07700 /* MoedaDigital.xcdatamodeld in Sources */,
				5FECC54625B9C5BA00F07700 /* AppDelegate.swift in Sources */,
				F11D167225BA0E810046C5A9 /* MoedaViewModel.swift in Sources */,
			);
			runOnlyForDeploymentPostprocessing = 0;
		};
		5FECC55725B9C5BE00F07700 /* Sources */ = {
			isa = PBXSourcesBuildPhase;
			buildActionMask = 2147483647;
			files = (
				5FECC56025B9C5BE00F07700 /* MoedaDigitalTests.swift in Sources */,
			);
			runOnlyForDeploymentPostprocessing = 0;
		};
		5FECC56225B9C5BE00F07700 /* Sources */ = {
			isa = PBXSourcesBuildPhase;
			buildActionMask = 2147483647;
			files = (
				5FECC56B25B9C5BE00F07700 /* MoedaDigitalUITests.swift in Sources */,
			);
			runOnlyForDeploymentPostprocessing = 0;
		};
/* End PBXSourcesBuildPhase section */

/* Begin PBXTargetDependency section */
		5FECC55D25B9C5BE00F07700 /* PBXTargetDependency */ = {
			isa = PBXTargetDependency;
			target = 5FECC54125B9C5BA00F07700 /* MoedaDigital */;
			targetProxy = 5FECC55C25B9C5BE00F07700 /* PBXContainerItemProxy */;
		};
		5FECC56825B9C5BE00F07700 /* PBXTargetDependency */ = {
			isa = PBXTargetDependency;
			target = 5FECC54125B9C5BA00F07700 /* MoedaDigital */;
			targetProxy = 5FECC56725B9C5BE00F07700 /* PBXContainerItemProxy */;
		};
/* End PBXTargetDependency section */

/* Begin PBXVariantGroup section */
		5FECC54B25B9C5BA00F07700 /* Main.storyboard */ = {
			isa = PBXVariantGroup;
			children = (
				5FECC54C25B9C5BA00F07700 /* Base */,
			);
			name = Main.storyboard;
			sourceTree = "<group>";
		};
		5FECC55325B9C5BE00F07700 /* LaunchScreen.storyboard */ = {
			isa = PBXVariantGroup;
			children = (
				5FECC55425B9C5BE00F07700 /* Base */,
			);
			name = LaunchScreen.storyboard;
			sourceTree = "<group>";
		};
/* End PBXVariantGroup section */

/* Begin XCBuildConfiguration section */
		5FECC56D25B9C5BE00F07700 /* Debug */ = {
			isa = XCBuildConfiguration;
			buildSettings = {
				ALWAYS_SEARCH_USER_PATHS = NO;
				CLANG_ANALYZER_NONNULL = YES;
				CLANG_ANALYZER_NUMBER_OBJECT_CONVERSION = YES_AGGRESSIVE;
				CLANG_CXX_LANGUAGE_STANDARD = "gnu++14";
				CLANG_CXX_LIBRARY = "libc++";
				CLANG_ENABLE_MODULES = YES;
				CLANG_ENABLE_OBJC_ARC = YES;
				CLANG_ENABLE_OBJC_WEAK = YES;
				CLANG_WARN_BLOCK_CAPTURE_AUTORELEASING = YES;
				CLANG_WARN_BOOL_CONVERSION = YES;
				CLANG_WARN_COMMA = YES;
				CLANG_WARN_CONSTANT_CONVERSION = YES;
				CLANG_WARN_DEPRECATED_OBJC_IMPLEMENTATIONS = YES;
				CLANG_WARN_DIRECT_OBJC_ISA_USAGE = YES_ERROR;
				CLANG_WARN_DOCUMENTATION_COMMENTS = YES;
				CLANG_WARN_EMPTY_BODY = YES;
				CLANG_WARN_ENUM_CONVERSION = YES;
				CLANG_WARN_INFINITE_RECURSION = YES;
				CLANG_WARN_INT_CONVERSION = YES;
				CLANG_WARN_NON_LITERAL_NULL_CONVERSION = YES;
				CLANG_WARN_OBJC_IMPLICIT_RETAIN_SELF = YES;
				CLANG_WARN_OBJC_LITERAL_CONVERSION = YES;
				CLANG_WARN_OBJC_ROOT_CLASS = YES_ERROR;
				CLANG_WARN_QUOTED_INCLUDE_IN_FRAMEWORK_HEADER = YES;
				CLANG_WARN_RANGE_LOOP_ANALYSIS = YES;
				CLANG_WARN_STRICT_PROTOTYPES = YES;
				CLANG_WARN_SUSPICIOUS_MOVE = YES;
				CLANG_WARN_UNGUARDED_AVAILABILITY = YES_AGGRESSIVE;
				CLANG_WARN_UNREACHABLE_CODE = YES;
				CLANG_WARN__DUPLICATE_METHOD_MATCH = YES;
				COPY_PHASE_STRIP = NO;
				DEBUG_INFORMATION_FORMAT = dwarf;
				ENABLE_STRICT_OBJC_MSGSEND = YES;
				ENABLE_TESTABILITY = YES;
				GCC_C_LANGUAGE_STANDARD = gnu11;
				GCC_DYNAMIC_NO_PIC = NO;
				GCC_NO_COMMON_BLOCKS = YES;
				GCC_OPTIMIZATION_LEVEL = 0;
				GCC_PREPROCESSOR_DEFINITIONS = (
					"DEBUG=1",
					"$(inherited)",
				);
				GCC_WARN_64_TO_32_BIT_CONVERSION = YES;
				GCC_WARN_ABOUT_RETURN_TYPE = YES_ERROR;
				GCC_WARN_UNDECLARED_SELECTOR = YES;
				GCC_WARN_UNINITIALIZED_AUTOS = YES_AGGRESSIVE;
				GCC_WARN_UNUSED_FUNCTION = YES;
				GCC_WARN_UNUSED_VARIABLE = YES;
				IPHONEOS_DEPLOYMENT_TARGET = 14.3;
				MTL_ENABLE_DEBUG_INFO = INCLUDE_SOURCE;
				MTL_FAST_MATH = YES;
				ONLY_ACTIVE_ARCH = YES;
				SDKROOT = iphoneos;
				SWIFT_ACTIVE_COMPILATION_CONDITIONS = DEBUG;
				SWIFT_OPTIMIZATION_LEVEL = "-Onone";
			};
			name = Debug;
		};
		5FECC56E25B9C5BE00F07700 /* Release */ = {
			isa = XCBuildConfiguration;
			buildSettings = {
				ALWAYS_SEARCH_USER_PATHS = NO;
				CLANG_ANALYZER_NONNULL = YES;
				CLANG_ANALYZER_NUMBER_OBJECT_CONVERSION = YES_AGGRESSIVE;
				CLANG_CXX_LANGUAGE_STANDARD = "gnu++14";
				CLANG_CXX_LIBRARY = "libc++";
				CLANG_ENABLE_MODULES = YES;
				CLANG_ENABLE_OBJC_ARC = YES;
				CLANG_ENABLE_OBJC_WEAK = YES;
				CLANG_WARN_BLOCK_CAPTURE_AUTORELEASING = YES;
				CLANG_WARN_BOOL_CONVERSION = YES;
				CLANG_WARN_COMMA = YES;
				CLANG_WARN_CONSTANT_CONVERSION = YES;
				CLANG_WARN_DEPRECATED_OBJC_IMPLEMENTATIONS = YES;
				CLANG_WARN_DIRECT_OBJC_ISA_USAGE = YES_ERROR;
				CLANG_WARN_DOCUMENTATION_COMMENTS = YES;
				CLANG_WARN_EMPTY_BODY = YES;
				CLANG_WARN_ENUM_CONVERSION = YES;
				CLANG_WARN_INFINITE_RECURSION = YES;
				CLANG_WARN_INT_CONVERSION = YES;
				CLANG_WARN_NON_LITERAL_NULL_CONVERSION = YES;
				CLANG_WARN_OBJC_IMPLICIT_RETAIN_SELF = YES;
				CLANG_WARN_OBJC_LITERAL_CONVERSION = YES;
				CLANG_WARN_OBJC_ROOT_CLASS = YES_ERROR;
				CLANG_WARN_QUOTED_INCLUDE_IN_FRAMEWORK_HEADER = YES;
				CLANG_WARN_RANGE_LOOP_ANALYSIS = YES;
				CLANG_WARN_STRICT_PROTOTYPES = YES;
				CLANG_WARN_SUSPICIOUS_MOVE = YES;
				CLANG_WARN_UNGUARDED_AVAILABILITY = YES_AGGRESSIVE;
				CLANG_WARN_UNREACHABLE_CODE = YES;
				CLANG_WARN__DUPLICATE_METHOD_MATCH = YES;
				COPY_PHASE_STRIP = NO;
				DEBUG_INFORMATION_FORMAT = "dwarf-with-dsym";
				ENABLE_NS_ASSERTIONS = NO;
				ENABLE_STRICT_OBJC_MSGSEND = YES;
				GCC_C_LANGUAGE_STANDARD = gnu11;
				GCC_NO_COMMON_BLOCKS = YES;
				GCC_WARN_64_TO_32_BIT_CONVERSION = YES;
				GCC_WARN_ABOUT_RETURN_TYPE = YES_ERROR;
				GCC_WARN_UNDECLARED_SELECTOR = YES;
				GCC_WARN_UNINITIALIZED_AUTOS = YES_AGGRESSIVE;
				GCC_WARN_UNUSED_FUNCTION = YES;
				GCC_WARN_UNUSED_VARIABLE = YES;
				IPHONEOS_DEPLOYMENT_TARGET = 14.3;
				MTL_ENABLE_DEBUG_INFO = NO;
				MTL_FAST_MATH = YES;
				SDKROOT = iphoneos;
				SWIFT_COMPILATION_MODE = wholemodule;
				SWIFT_OPTIMIZATION_LEVEL = "-O";
				VALIDATE_PRODUCT = YES;
			};
			name = Release;
		};
		5FECC57025B9C5BE00F07700 /* Debug */ = {
			isa = XCBuildConfiguration;
			baseConfigurationReference = 8B4DF9DD49C7F057338C895D /* Pods-MoedaDigital.debug.xcconfig */;
			buildSettings = {
				ASSETCATALOG_COMPILER_APPICON_NAME = AppIcon;
				ASSETCATALOG_COMPILER_GLOBAL_ACCENT_COLOR_NAME = AccentColor;
				CODE_SIGN_STYLE = Automatic;
				DEVELOPMENT_TEAM = 9N4AFW77XS;
				INFOPLIST_FILE = Application/Info.plist;
				IPHONEOS_DEPLOYMENT_TARGET = 10.0;
				LD_RUNPATH_SEARCH_PATHS = (
					"$(inherited)",
					"@executable_path/Frameworks",
				);
				PRODUCT_BUNDLE_IDENTIFIER = Vendrasco.MoedaDigital;
				PRODUCT_NAME = "$(TARGET_NAME)";
				SWIFT_VERSION = 5.0;
				TARGETED_DEVICE_FAMILY = "1,2";
			};
			name = Debug;
		};
		5FECC57125B9C5BE00F07700 /* Release */ = {
			isa = XCBuildConfiguration;
			baseConfigurationReference = AEA41529266FFD4D7322958B /* Pods-MoedaDigital.release.xcconfig */;
			buildSettings = {
				ASSETCATALOG_COMPILER_APPICON_NAME = AppIcon;
				ASSETCATALOG_COMPILER_GLOBAL_ACCENT_COLOR_NAME = AccentColor;
				CODE_SIGN_STYLE = Automatic;
				DEVELOPMENT_TEAM = 9N4AFW77XS;
				INFOPLIST_FILE = Application/Info.plist;
				IPHONEOS_DEPLOYMENT_TARGET = 10.0;
				LD_RUNPATH_SEARCH_PATHS = (
					"$(inherited)",
					"@executable_path/Frameworks",
				);
				PRODUCT_BUNDLE_IDENTIFIER = Vendrasco.MoedaDigital;
				PRODUCT_NAME = "$(TARGET_NAME)";
				SWIFT_VERSION = 5.0;
				TARGETED_DEVICE_FAMILY = "1,2";
			};
			name = Release;
		};
		5FECC57325B9C5BE00F07700 /* Debug */ = {
			isa = XCBuildConfiguration;
			baseConfigurationReference = 8BA5FFD920C19CE2556F9A68 /* Pods-MoedaDigitalTests.debug.xcconfig */;
			buildSettings = {
				ALWAYS_EMBED_SWIFT_STANDARD_LIBRARIES = YES;
				BUNDLE_LOADER = "$(TEST_HOST)";
				CODE_SIGN_STYLE = Automatic;
				DEVELOPMENT_TEAM = 9N4AFW77XS;
				INFOPLIST_FILE = MoedaDigitalTests/Info.plist;
				IPHONEOS_DEPLOYMENT_TARGET = 14.3;
				LD_RUNPATH_SEARCH_PATHS = (
					"$(inherited)",
					"@executable_path/Frameworks",
					"@loader_path/Frameworks",
				);
				PRODUCT_BUNDLE_IDENTIFIER = Vendrasco.MoedaDigitalTests;
				PRODUCT_NAME = "$(TARGET_NAME)";
				SWIFT_VERSION = 5.0;
				TARGETED_DEVICE_FAMILY = "1,2";
				TEST_HOST = "$(BUILT_PRODUCTS_DIR)/MoedaDigital.app/MoedaDigital";
			};
			name = Debug;
		};
		5FECC57425B9C5BE00F07700 /* Release */ = {
			isa = XCBuildConfiguration;
			baseConfigurationReference = EB912E49BD6426281B5AF01D /* Pods-MoedaDigitalTests.release.xcconfig */;
			buildSettings = {
				ALWAYS_EMBED_SWIFT_STANDARD_LIBRARIES = YES;
				BUNDLE_LOADER = "$(TEST_HOST)";
				CODE_SIGN_STYLE = Automatic;
				DEVELOPMENT_TEAM = 9N4AFW77XS;
				INFOPLIST_FILE = MoedaDigitalTests/Info.plist;
				IPHONEOS_DEPLOYMENT_TARGET = 14.3;
				LD_RUNPATH_SEARCH_PATHS = (
					"$(inherited)",
					"@executable_path/Frameworks",
					"@loader_path/Frameworks",
				);
				PRODUCT_BUNDLE_IDENTIFIER = Vendrasco.MoedaDigitalTests;
				PRODUCT_NAME = "$(TARGET_NAME)";
				SWIFT_VERSION = 5.0;
				TARGETED_DEVICE_FAMILY = "1,2";
				TEST_HOST = "$(BUILT_PRODUCTS_DIR)/MoedaDigital.app/MoedaDigital";
			};
			name = Release;
		};
		5FECC57625B9C5BE00F07700 /* Debug */ = {
			isa = XCBuildConfiguration;
			baseConfigurationReference = F39F171B31FF1AB71850B9C5 /* Pods-MoedaDigital-MoedaDigitalUITests.debug.xcconfig */;
			buildSettings = {
				ALWAYS_EMBED_SWIFT_STANDARD_LIBRARIES = YES;
				CODE_SIGN_STYLE = Automatic;
				DEVELOPMENT_TEAM = 9N4AFW77XS;
				INFOPLIST_FILE = MoedaDigitalUITests/Info.plist;
				LD_RUNPATH_SEARCH_PATHS = (
					"$(inherited)",
					"@executable_path/Frameworks",
					"@loader_path/Frameworks",
				);
				PRODUCT_BUNDLE_IDENTIFIER = Vendrasco.MoedaDigitalUITests;
				PRODUCT_NAME = "$(TARGET_NAME)";
				SWIFT_VERSION = 5.0;
				TARGETED_DEVICE_FAMILY = "1,2";
				TEST_TARGET_NAME = MoedaDigital;
			};
			name = Debug;
		};
		5FECC57725B9C5BE00F07700 /* Release */ = {
			isa = XCBuildConfiguration;
			baseConfigurationReference = 578593508C2FC96B6A6D2984 /* Pods-MoedaDigital-MoedaDigitalUITests.release.xcconfig */;
			buildSettings = {
				ALWAYS_EMBED_SWIFT_STANDARD_LIBRARIES = YES;
				CODE_SIGN_STYLE = Automatic;
				DEVELOPMENT_TEAM = 9N4AFW77XS;
				INFOPLIST_FILE = MoedaDigitalUITests/Info.plist;
				LD_RUNPATH_SEARCH_PATHS = (
					"$(inherited)",
					"@executable_path/Frameworks",
					"@loader_path/Frameworks",
				);
				PRODUCT_BUNDLE_IDENTIFIER = Vendrasco.MoedaDigitalUITests;
				PRODUCT_NAME = "$(TARGET_NAME)";
				SWIFT_VERSION = 5.0;
				TARGETED_DEVICE_FAMILY = "1,2";
				TEST_TARGET_NAME = MoedaDigital;
			};
			name = Release;
		};
/* End XCBuildConfiguration section */

/* Begin XCConfigurationList section */
		5FECC53D25B9C5BA00F07700 /* Build configuration list for PBXProject "MoedaDigital" */ = {
			isa = XCConfigurationList;
			buildConfigurations = (
				5FECC56D25B9C5BE00F07700 /* Debug */,
				5FECC56E25B9C5BE00F07700 /* Release */,
			);
			defaultConfigurationIsVisible = 0;
			defaultConfigurationName = Release;
		};
		5FECC56F25B9C5BE00F07700 /* Build configuration list for PBXNativeTarget "MoedaDigital" */ = {
			isa = XCConfigurationList;
			buildConfigurations = (
				5FECC57025B9C5BE00F07700 /* Debug */,
				5FECC57125B9C5BE00F07700 /* Release */,
			);
			defaultConfigurationIsVisible = 0;
			defaultConfigurationName = Release;
		};
		5FECC57225B9C5BE00F07700 /* Build configuration list for PBXNativeTarget "MoedaDigitalTests" */ = {
			isa = XCConfigurationList;
			buildConfigurations = (
				5FECC57325B9C5BE00F07700 /* Debug */,
				5FECC57425B9C5BE00F07700 /* Release */,
			);
			defaultConfigurationIsVisible = 0;
			defaultConfigurationName = Release;
		};
		5FECC57525B9C5BE00F07700 /* Build configuration list for PBXNativeTarget "MoedaDigitalUITests" */ = {
			isa = XCConfigurationList;
			buildConfigurations = (
				5FECC57625B9C5BE00F07700 /* Debug */,
				5FECC57725B9C5BE00F07700 /* Release */,
			);
			defaultConfigurationIsVisible = 0;
			defaultConfigurationName = Release;
		};
/* End XCConfigurationList section */

/* Begin XCVersionGroup section */
		5FECC54E25B9C5BA00F07700 /* MoedaDigital.xcdatamodeld */ = {
			isa = XCVersionGroup;
			children = (
				5FECC54F25B9C5BA00F07700 /* MoedaDigital.xcdatamodel */,
			);
			currentVersion = 5FECC54F25B9C5BA00F07700 /* MoedaDigital.xcdatamodel */;
			path = MoedaDigital.xcdatamodeld;
			sourceTree = "<group>";
			versionGroupType = wrapper.xcdatamodel;
		};
/* End XCVersionGroup section */
	};
	rootObject = 5FECC53A25B9C5BA00F07700 /* Project object */;
}
